
Microsoft Visual Studio Solution File, Format Version 12.00
# Visual Studio Version 17
VisualStudioVersion = 17.0.31903.59
MinimumVisualStudioVersion = 10.0.40219.1
Project("{2150E333-8FDC-42A3-9474-1A3956D46DE8}") = "Services", "Services", "{BB633709-3AF1-4CFF-AE15-233F1A43CDED}"
EndProject
Project("{2150E333-8FDC-42A3-9474-1A3956D46DE8}") = "Catalog", "Catalog", "{D5643106-D47B-462C-8E52-26D4D48DA169}"
EndProject
Project("{FAE04EC0-301F-11D3-BF4B-00C04F79EFBC}") = "Catalog.API", "Services\Catalog\Catalog.API\Catalog.API.csproj", "{85A93DA3-D319-46FF-B425-D7E52440D442}"
EndProject
Project("{2150E333-8FDC-42A3-9474-1A3956D46DE8}") = "Basket", "Basket", "{2B23CCB1-9941-48B8-935E-7B7E73E5D4AB}"
EndProject
Project("{FAE04EC0-301F-11D3-BF4B-00C04F79EFBC}") = "Basket.API", "Services\Basket\Basket.API\Basket.API.csproj", "{EF18B04B-7DA6-4D09-B4E0-40593F927F88}"
EndProject
Project("{2150E333-8FDC-42A3-9474-1A3956D46DE8}") = "Discount", "Discount", "{93E14DF2-DBA2-4935-B0AB-E43848AF5905}"
EndProject
Project("{FAE04EC0-301F-11D3-BF4B-00C04F79EFBC}") = "Discount.API", "Services\Discount\Discount.API\Discount.API.csproj", "{A1D83C01-D00C-4522-9314-9E6948B32C44}"
EndProject
Project("{FAE04EC0-301F-11D3-BF4B-00C04F79EFBC}") = "Discount.gRPC", "Services\Discount\Discount.gRPC\Discount.gRPC.csproj", "{914FE642-0B43-4F34-BE6F-91C9E851B704}"
EndProject
Project("{2150E333-8FDC-42A3-9474-1A3956D46DE8}") = "Ordering", "Ordering", "{39C54137-FA10-42F7-B214-E37FA89F64B3}"
EndProject
Project("{FAE04EC0-301F-11D3-BF4B-00C04F79EFBC}") = "Ordering.API", "Services\Ordering\Ordering.API\Ordering.API.csproj", "{ECEAA8BA-308F-4A84-94AD-DB701E55C40D}"
EndProject
Project("{FAE04EC0-301F-11D3-BF4B-00C04F79EFBC}") = "Ordering.Domain", "Services\Ordering\Ordering.Domain\Ordering.Domain.csproj", "{1376103D-C5B8-40D0-A346-E2587D59A3FB}"
EndProject
Project("{FAE04EC0-301F-11D3-BF4B-00C04F79EFBC}") = "Ordering.Application", "Services\Ordering\Ordering.Application\Ordering.Application.csproj", "{21E71C7F-4D59-4B53-BAE0-E2849621B5B7}"
EndProject
Project("{FAE04EC0-301F-11D3-BF4B-00C04F79EFBC}") = "Ordering.Infrastructure", "Services\Ordering\Ordering.Infrastructure\Ordering.Infrastructure.csproj", "{F54B2353-E242-4F45-B219-75B3E24428DF}"
EndProject
Global
	GlobalSection(SolutionConfigurationPlatforms) = preSolution
		Debug|Any CPU = Debug|Any CPU
		Release|Any CPU = Release|Any CPU
	EndGlobalSection
	GlobalSection(SolutionProperties) = preSolution
		HideSolutionNode = FALSE
	EndGlobalSection
	GlobalSection(ProjectConfigurationPlatforms) = postSolution
		{85A93DA3-D319-46FF-B425-D7E52440D442}.Debug|Any CPU.ActiveCfg = Debug|Any CPU
		{85A93DA3-D319-46FF-B425-D7E52440D442}.Debug|Any CPU.Build.0 = Debug|Any CPU
		{85A93DA3-D319-46FF-B425-D7E52440D442}.Release|Any CPU.ActiveCfg = Release|Any CPU
		{85A93DA3-D319-46FF-B425-D7E52440D442}.Release|Any CPU.Build.0 = Release|Any CPU
		{EF18B04B-7DA6-4D09-B4E0-40593F927F88}.Debug|Any CPU.ActiveCfg = Debug|Any CPU
		{EF18B04B-7DA6-4D09-B4E0-40593F927F88}.Debug|Any CPU.Build.0 = Debug|Any CPU
		{EF18B04B-7DA6-4D09-B4E0-40593F927F88}.Release|Any CPU.ActiveCfg = Release|Any CPU
		{EF18B04B-7DA6-4D09-B4E0-40593F927F88}.Release|Any CPU.Build.0 = Release|Any CPU
		{A1D83C01-D00C-4522-9314-9E6948B32C44}.Debug|Any CPU.ActiveCfg = Debug|Any CPU
		{A1D83C01-D00C-4522-9314-9E6948B32C44}.Debug|Any CPU.Build.0 = Debug|Any CPU
		{A1D83C01-D00C-4522-9314-9E6948B32C44}.Release|Any CPU.ActiveCfg = Release|Any CPU
		{A1D83C01-D00C-4522-9314-9E6948B32C44}.Release|Any CPU.Build.0 = Release|Any CPU
		{914FE642-0B43-4F34-BE6F-91C9E851B704}.Debug|Any CPU.ActiveCfg = Debug|Any CPU
		{914FE642-0B43-4F34-BE6F-91C9E851B704}.Debug|Any CPU.Build.0 = Debug|Any CPU
		{914FE642-0B43-4F34-BE6F-91C9E851B704}.Release|Any CPU.ActiveCfg = Release|Any CPU
		{914FE642-0B43-4F34-BE6F-91C9E851B704}.Release|Any CPU.Build.0 = Release|Any CPU
		{ECEAA8BA-308F-4A84-94AD-DB701E55C40D}.Debug|Any CPU.ActiveCfg = Debug|Any CPU
		{ECEAA8BA-308F-4A84-94AD-DB701E55C40D}.Debug|Any CPU.Build.0 = Debug|Any CPU
		{ECEAA8BA-308F-4A84-94AD-DB701E55C40D}.Release|Any CPU.ActiveCfg = Release|Any CPU
		{ECEAA8BA-308F-4A84-94AD-DB701E55C40D}.Release|Any CPU.Build.0 = Release|Any CPU
		{1376103D-C5B8-40D0-A346-E2587D59A3FB}.Debug|Any CPU.ActiveCfg = Debug|Any CPU
		{1376103D-C5B8-40D0-A346-E2587D59A3FB}.Debug|Any CPU.Build.0 = Debug|Any CPU
		{1376103D-C5B8-40D0-A346-E2587D59A3FB}.Release|Any CPU.ActiveCfg = Release|Any CPU
		{1376103D-C5B8-40D0-A346-E2587D59A3FB}.Release|Any CPU.Build.0 = Release|Any CPU
		{21E71C7F-4D59-4B53-BAE0-E2849621B5B7}.Debug|Any CPU.ActiveCfg = Debug|Any CPU
		{21E71C7F-4D59-4B53-BAE0-E2849621B5B7}.Debug|Any CPU.Build.0 = Debug|Any CPU
		{21E71C7F-4D59-4B53-BAE0-E2849621B5B7}.Release|Any CPU.ActiveCfg = Release|Any CPU
		{21E71C7F-4D59-4B53-BAE0-E2849621B5B7}.Release|Any CPU.Build.0 = Release|Any CPU
		{F54B2353-E242-4F45-B219-75B3E24428DF}.Debug|Any CPU.ActiveCfg = Debug|Any CPU
		{F54B2353-E242-4F45-B219-75B3E24428DF}.Debug|Any CPU.Build.0 = Debug|Any CPU
		{F54B2353-E242-4F45-B219-75B3E24428DF}.Release|Any CPU.ActiveCfg = Release|Any CPU
		{F54B2353-E242-4F45-B219-75B3E24428DF}.Release|Any CPU.Build.0 = Release|Any CPU
	EndGlobalSection
	GlobalSection(NestedProjects) = preSolution
		{D5643106-D47B-462C-8E52-26D4D48DA169} = {BB633709-3AF1-4CFF-AE15-233F1A43CDED}
		{85A93DA3-D319-46FF-B425-D7E52440D442} = {D5643106-D47B-462C-8E52-26D4D48DA169}
		{2B23CCB1-9941-48B8-935E-7B7E73E5D4AB} = {BB633709-3AF1-4CFF-AE15-233F1A43CDED}
		{EF18B04B-7DA6-4D09-B4E0-40593F927F88} = {2B23CCB1-9941-48B8-935E-7B7E73E5D4AB}
		{93E14DF2-DBA2-4935-B0AB-E43848AF5905} = {BB633709-3AF1-4CFF-AE15-233F1A43CDED}
		{A1D83C01-D00C-4522-9314-9E6948B32C44} = {93E14DF2-DBA2-4935-B0AB-E43848AF5905}
		{914FE642-0B43-4F34-BE6F-91C9E851B704} = {93E14DF2-DBA2-4935-B0AB-E43848AF5905}
		{39C54137-FA10-42F7-B214-E37FA89F64B3} = {BB633709-3AF1-4CFF-AE15-233F1A43CDED}
		{ECEAA8BA-308F-4A84-94AD-DB701E55C40D} = {39C54137-FA10-42F7-B214-E37FA89F64B3}
		{1376103D-C5B8-40D0-A346-E2587D59A3FB} = {39C54137-FA10-42F7-B214-E37FA89F64B3}
		{21E71C7F-4D59-4B53-BAE0-E2849621B5B7} = {39C54137-FA10-42F7-B214-E37FA89F64B3}
		{F54B2353-E242-4F45-B219-75B3E24428DF} = {39C54137-FA10-42F7-B214-E37FA89F64B3}
	EndGlobalSection
EndGlobal
